
Microsoft Visual Studio Solution File, Format Version 12.00
# Visual Studio Version 17
VisualStudioVersion = 17.1.32210.238
MinimumVisualStudioVersion = 10.0.40219.1
Project("{FAE04EC0-301F-11D3-BF4B-00C04F79EFBC}") = "GoogleLogin.App", "GoogleLogin.App\GoogleLogin.App.csproj", "{08AD5FE2-C5EA-4743-9B36-610658ECD329}"
EndProject
Global
	GlobalSection(SolutionConfigurationPlatforms) = preSolution
		Debug|Any CPU = Debug|Any CPU
		Release|Any CPU = Release|Any CPU
	EndGlobalSection
	GlobalSection(ProjectConfigurationPlatforms) = postSolution
		{08AD5FE2-C5EA-4743-9B36-610658ECD329}.Debug|Any CPU.ActiveCfg = Debug|Any CPU
		{08AD5FE2-C5EA-4743-9B36-610658ECD329}.Debug|Any CPU.Build.0 = Debug|Any CPU
		{08AD5FE2-C5EA-4743-9B36-610658ECD329}.Release|Any CPU.ActiveCfg = Release|Any CPU
		{08AD5FE2-C5EA-4743-9B36-610658ECD329}.Release|Any CPU.Build.0 = Release|Any CPU
	EndGlobalSection
	GlobalSection(SolutionProperties) = preSolution
		HideSolutionNode = FALSE
	EndGlobalSection
	GlobalSection(ExtensibilityGlobals) = postSolution
		SolutionGuid = {6491E983-9EBB-4B0D-8AE8-F2A899D1B4B4}
	EndGlobalSection
EndGlobal
